
Microsoft Visual Studio Solution File, Format Version 11.00
# Visual Studio 2010
Project("{FAE04EC0-301F-11D3-BF4B-00C04F79EFBC}") = "Assembly-CSharp", "Assembly-CSharp.csproj", "{34313362-33F6-B0EF-1195-65D8183E67DD}"
EndProject
Project("{FAE04EC0-301F-11D3-BF4B-00C04F79EFBC}") = "Assembly-CSharp-Editor", "Assembly-CSharp-Editor.csproj", "{615CE2A9-B40E-8C18-180C-DCD339B03ED8}"
EndProject
Global
	GlobalSection(SolutionConfigurationPlatforms) = preSolution
		Debug|Any CPU = Debug|Any CPU
		Release|Any CPU = Release|Any CPU
	EndGlobalSection
	GlobalSection(ProjectConfigurationPlatforms) = postSolution
		{34313362-33F6-B0EF-1195-65D8183E67DD}.Debug|Any CPU.ActiveCfg = Debug|Any CPU
		{34313362-33F6-B0EF-1195-65D8183E67DD}.Debug|Any CPU.Build.0 = Debug|Any CPU
		{34313362-33F6-B0EF-1195-65D8183E67DD}.Release|Any CPU.ActiveCfg = Release|Any CPU
		{34313362-33F6-B0EF-1195-65D8183E67DD}.Release|Any CPU.Build.0 = Release|Any CPU
		{615CE2A9-B40E-8C18-180C-DCD339B03ED8}.Debug|Any CPU.ActiveCfg = Debug|Any CPU
		{615CE2A9-B40E-8C18-180C-DCD339B03ED8}.Debug|Any CPU.Build.0 = Debug|Any CPU
		{615CE2A9-B40E-8C18-180C-DCD339B03ED8}.Release|Any CPU.ActiveCfg = Release|Any CPU
		{615CE2A9-B40E-8C18-180C-DCD339B03ED8}.Release|Any CPU.Build.0 = Release|Any CPU
	EndGlobalSection
	GlobalSection(SolutionProperties) = preSolution
		HideSolutionNode = FALSE
	EndGlobalSection
	GlobalSection(MonoDevelopProperties) = preSolution
		StartupItem = Assembly-CSharp.csproj
	EndGlobalSection
EndGlobal
